
Microsoft Visual Studio Solution File, Format Version 12.00
# Visual Studio Version 17
VisualStudioVersion = 17.9.34607.119
MinimumVisualStudioVersion = 10.0.40219.1
Project("{FAE04EC0-301F-11D3-BF4B-00C04F79EFBC}") = "GBHomework2", "GBHomework2.csproj", "{505D9552-9DCB-491B-B660-193142D1C270}"
EndProject
Global
	GlobalSection(SolutionConfigurationPlatforms) = preSolution
		Debug|Any CPU = Debug|Any CPU
		Release|Any CPU = Release|Any CPU
	EndGlobalSection
	GlobalSection(ProjectConfigurationPlatforms) = postSolution
		{505D9552-9DCB-491B-B660-193142D1C270}.Debug|Any CPU.ActiveCfg = Debug|Any CPU
		{505D9552-9DCB-491B-B660-193142D1C270}.Debug|Any CPU.Build.0 = Debug|Any CPU
		{505D9552-9DCB-491B-B660-193142D1C270}.Release|Any CPU.ActiveCfg = Release|Any CPU
		{505D9552-9DCB-491B-B660-193142D1C270}.Release|Any CPU.Build.0 = Release|Any CPU
	EndGlobalSection
	GlobalSection(SolutionProperties) = preSolution
		HideSolutionNode = FALSE
	EndGlobalSection
	GlobalSection(ExtensibilityGlobals) = postSolution
		SolutionGuid = {54D587DD-6E7D-4223-96E7-79AB1AEADCC5}
	EndGlobalSection
EndGlobal
